
Microsoft Visual Studio Solution File, Format Version 12.00
# Visual Studio Version 16
VisualStudioVersion = 16.0.33423.256
MinimumVisualStudioVersion = 10.0.40219.1
Project("{FAE04EC0-301F-11D3-BF4B-00C04F79EFBC}") = "JennisonMod1", "JennisonMod1\JennisonMod1.csproj", "{81C5CD61-34EB-4127-8B5E-A5F431D4284D}"
EndProject
Global
	GlobalSection(SolutionConfigurationPlatforms) = preSolution
		Debug|Any CPU = Debug|Any CPU
		Release|Any CPU = Release|Any CPU
	EndGlobalSection
	GlobalSection(ProjectConfigurationPlatforms) = postSolution
		{81C5CD61-34EB-4127-8B5E-A5F431D4284D}.Debug|Any CPU.ActiveCfg = Debug|Any CPU
		{81C5CD61-34EB-4127-8B5E-A5F431D4284D}.Debug|Any CPU.Build.0 = Debug|Any CPU
		{81C5CD61-34EB-4127-8B5E-A5F431D4284D}.Release|Any CPU.ActiveCfg = Release|Any CPU
		{81C5CD61-34EB-4127-8B5E-A5F431D4284D}.Release|Any CPU.Build.0 = Release|Any CPU
	EndGlobalSection
	GlobalSection(SolutionProperties) = preSolution
		HideSolutionNode = FALSE
	EndGlobalSection
	GlobalSection(ExtensibilityGlobals) = postSolution
		SolutionGuid = {A8E0CF7B-CD0E-4DDC-A572-A7C37B808392}
	EndGlobalSection
EndGlobal
